// !$*UTF8*$!
{
	archiveVersion = 1;
	classes = {
	};
	objectVersion = 48;
	objects = {

/* Begin PBXBuildFile section */
		720F75612050AD5A0097E0EC /* ThemeSelector.swift in Sources */ = {isa = PBXBuildFile; fileRef = 720F75602050AD5A0097E0EC /* ThemeSelector.swift */; };
		7266AF05204E100E00112A1E /* GameState.swift in Sources */ = {isa = PBXBuildFile; fileRef = 7266AF04204E100E00112A1E /* GameState.swift */; };
		7266AF07204E108A00112A1E /* NoCardsFaceUpGameState.swift in Sources */ = {isa = PBXBuildFile; fileRef = 7266AF06204E108A00112A1E /* NoCardsFaceUpGameState.swift */; };
		7266AF09204E112600112A1E /* OneCardFaceUpGameState.swift in Sources */ = {isa = PBXBuildFile; fileRef = 7266AF08204E112600112A1E /* OneCardFaceUpGameState.swift */; };
		7266AF0B204E150500112A1E /* TwoFaceUpCardsGameState.swift in Sources */ = {isa = PBXBuildFile; fileRef = 7266AF0A204E150500112A1E /* TwoFaceUpCardsGameState.swift */; };
		72CE9946204C570B00436865 /* Card.swift in Sources */ = {isa = PBXBuildFile; fileRef = 72CE9945204C570B00436865 /* Card.swift */; };
		72CE9948204C58C500436865 /* Concentration.swift in Sources */ = {isa = PBXBuildFile; fileRef = 72CE9947204C58C500436865 /* Concentration.swift */; };
		72E968E4204793B100D9CF28 /* AppDelegate.swift in Sources */ = {isa = PBXBuildFile; fileRef = 72E968E3204793B100D9CF28 /* AppDelegate.swift */; };
		72E968E6204793B100D9CF28 /* ViewController.swift in Sources */ = {isa = PBXBuildFile; fileRef = 72E968E5204793B100D9CF28 /* ViewController.swift */; };
		72E968E9204793B100D9CF28 /* Main.storyboard in Resources */ = {isa = PBXBuildFile; fileRef = 72E968E7204793B100D9CF28 /* Main.storyboard */; };
		72E968EB204793B100D9CF28 /* Assets.xcassets in Resources */ = {isa = PBXBuildFile; fileRef = 72E968EA204793B100D9CF28 /* Assets.xcassets */; };
		72E968EE204793B100D9CF28 /* LaunchScreen.storyboard in Resources */ = {isa = PBXBuildFile; fileRef = 72E968EC204793B100D9CF28 /* LaunchScreen.storyboard */; };
/* End PBXBuildFile section */

/* Begin PBXFileReference section */
		720F75602050AD5A0097E0EC /* ThemeSelector.swift */ = {isa = PBXFileReference; lastKnownFileType = sourcecode.swift; path = ThemeSelector.swift; sourceTree = "<group>"; };
		7266AF04204E100E00112A1E /* GameState.swift */ = {isa = PBXFileReference; lastKnownFileType = sourcecode.swift; path = GameState.swift; sourceTree = "<group>"; };
		7266AF06204E108A00112A1E /* NoCardsFaceUpGameState.swift */ = {isa = PBXFileReference; lastKnownFileType = sourcecode.swift; path = NoCardsFaceUpGameState.swift; sourceTree = "<group>"; };
		7266AF08204E112600112A1E /* OneCardFaceUpGameState.swift */ = {isa = PBXFileReference; lastKnownFileType = sourcecode.swift; path = OneCardFaceUpGameState.swift; sourceTree = "<group>"; };
		7266AF0A204E150500112A1E /* TwoFaceUpCardsGameState.swift */ = {isa = PBXFileReference; lastKnownFileType = sourcecode.swift; path = TwoFaceUpCardsGameState.swift; sourceTree = "<group>"; };
		72CE9945204C570B00436865 /* Card.swift */ = {isa = PBXFileReference; lastKnownFileType = sourcecode.swift; path = Card.swift; sourceTree = "<group>"; };
		72CE9947204C58C500436865 /* Concentration.swift */ = {isa = PBXFileReference; lastKnownFileType = sourcecode.swift; path = Concentration.swift; sourceTree = "<group>"; };
		72E968E0204793B100D9CF28 /* Concentration.app */ = {isa = PBXFileReference; explicitFileType = wrapper.application; includeInIndex = 0; path = Concentration.app; sourceTree = BUILT_PRODUCTS_DIR; };
		72E968E3204793B100D9CF28 /* AppDelegate.swift */ = {isa = PBXFileReference; lastKnownFileType = sourcecode.swift; path = AppDelegate.swift; sourceTree = "<group>"; };
		72E968E5204793B100D9CF28 /* ViewController.swift */ = {isa = PBXFileReference; lastKnownFileType = sourcecode.swift; path = ViewController.swift; sourceTree = "<group>"; };
		72E968E8204793B100D9CF28 /* Base */ = {isa = PBXFileReference; lastKnownFileType = file.storyboard; name = Base; path = Base.lproj/Main.storyboard; sourceTree = "<group>"; };
		72E968EA204793B100D9CF28 /* Assets.xcassets */ = {isa = PBXFileReference; lastKnownFileType = folder.assetcatalog; path = Assets.xcassets; sourceTree = "<group>"; };
		72E968ED204793B100D9CF28 /* Base */ = {isa = PBXFileReference; lastKnownFileType = file.storyboard; name = Base; path = Base.lproj/LaunchScreen.storyboard; sourceTree = "<group>"; };
		72E968EF204793B100D9CF28 /* Info.plist */ = {isa = PBXFileReference; lastKnownFileType = text.plist.xml; path = Info.plist; sourceTree = "<group>"; };
/* End PBXFileReference section */

/* Begin PBXFrameworksBuildPhase section */
		72E968DD204793B100D9CF28 /* Frameworks */ = {
			isa = PBXFrameworksBuildPhase;
			buildActionMask = 2147483647;
			files = (
			);
			runOnlyForDeploymentPostprocessing = 0;
		};
/* End PBXFrameworksBuildPhase section */

/* Begin PBXGroup section */
		7223F11B20543574004BCCAF /* GameState */ = {
			isa = PBXGroup;
			children = (
				7266AF0A204E150500112A1E /* TwoFaceUpCardsGameState.swift */,
				7266AF08204E112600112A1E /* OneCardFaceUpGameState.swift */,
				7266AF06204E108A00112A1E /* NoCardsFaceUpGameState.swift */,
				7266AF04204E100E00112A1E /* GameState.swift */,
			);
			path = GameState;
			sourceTree = "<group>";
		};
		72E968D7204793B100D9CF28 = {
			isa = PBXGroup;
			children = (
				72E968E2204793B100D9CF28 /* Concentration */,
				72E968E1204793B100D9CF28 /* Products */,
			);
			sourceTree = "<group>";
		};
		72E968E1204793B100D9CF28 /* Products */ = {
			isa = PBXGroup;
			children = (
				72E968E0204793B100D9CF28 /* Concentration.app */,
			);
			name = Products;
			sourceTree = "<group>";
		};
		72E968E2204793B100D9CF28 /* Concentration */ = {
			isa = PBXGroup;
			children = (
				7223F11B20543574004BCCAF /* GameState */,
				720F75602050AD5A0097E0EC /* ThemeSelector.swift */,
				72E968E3204793B100D9CF28 /* AppDelegate.swift */,
				72E968E5204793B100D9CF28 /* ViewController.swift */,
				72CE9945204C570B00436865 /* Card.swift */,
				72E968E7204793B100D9CF28 /* Main.storyboard */,
				72E968EA204793B100D9CF28 /* Assets.xcassets */,
				72E968EC204793B100D9CF28 /* LaunchScreen.storyboard */,
				72E968EF204793B100D9CF28 /* Info.plist */,
				72CE9947204C58C500436865 /* Concentration.swift */,
			);
			path = Concentration;
			sourceTree = "<group>";
		};
/* End PBXGroup section */

/* Begin PBXNativeTarget section */
		72E968DF204793B100D9CF28 /* Concentration */ = {
			isa = PBXNativeTarget;
			buildConfigurationList = 72E968F2204793B100D9CF28 /* Build configuration list for PBXNativeTarget "Concentration" */;
			buildPhases = (
				72E968DC204793B100D9CF28 /* Sources */,
				72E968DD204793B100D9CF28 /* Frameworks */,
				72E968DE204793B100D9CF28 /* Resources */,
			);
			buildRules = (
			);
			dependencies = (
			);
			name = Concentration;
			productName = Concentration;
			productReference = 72E968E0204793B100D9CF28 /* Concentration.app */;
			productType = "com.apple.product-type.application";
		};
/* End PBXNativeTarget section */

/* Begin PBXProject section */
		72E968D8204793B100D9CF28 /* Project object */ = {
			isa = PBXProject;
			attributes = {
				LastSwiftUpdateCheck = 0920;
				LastUpgradeCheck = 0920;
				ORGANIZATIONNAME = "Nahuel Andreoli";
				TargetAttributes = {
					72E968DF204793B100D9CF28 = {
						CreatedOnToolsVersion = 9.2;
						ProvisioningStyle = Automatic;
					};
				};
			};
			buildConfigurationList = 72E968DB204793B100D9CF28 /* Build configuration list for PBXProject "Concentration" */;
			compatibilityVersion = "Xcode 8.0";
			developmentRegion = en;
			hasScannedForEncodings = 0;
			knownRegions = (
				en,
				Base,
			);
			mainGroup = 72E968D7204793B100D9CF28;
			productRefGroup = 72E968E1204793B100D9CF28 /* Products */;
			projectDirPath = "";
			projectRoot = "";
			targets = (
				72E968DF204793B100D9CF28 /* Concentration */,
			);
		};
/* End PBXProject section */

/* Begin PBXResourcesBuildPhase section */
		72E968DE204793B100D9CF28 /* Resources */ = {
			isa = PBXResourcesBuildPhase;
			buildActionMask = 2147483647;
			files = (
				72E968EE204793B100D9CF28 /* LaunchScreen.storyboard in Resources */,
				72E968EB204793B100D9CF28 /* Assets.xcassets in Resources */,
				72E968E9204793B100D9CF28 /* Main.storyboard in Resources */,
			);
			runOnlyForDeploymentPostprocessing = 0;
		};
/* End PBXResourcesBuildPhase section */

/* Begin PBXSourcesBuildPhase section */
		72E968DC204793B100D9CF28 /* Sources */ = {
			isa = PBXSourcesBuildPhase;
			buildActionMask = 2147483647;
			files = (
				7266AF09204E112600112A1E /* OneCardFaceUpGameState.swift in Sources */,
				72E968E6204793B100D9CF28 /* ViewController.swift in Sources */,
				72CE9948204C58C500436865 /* Concentration.swift in Sources */,
				7266AF07204E108A00112A1E /* NoCardsFaceUpGameState.swift in Sources */,
				7266AF05204E100E00112A1E /* GameState.swift in Sources */,
				720F75612050AD5A0097E0EC /* ThemeSelector.swift in Sources */,
				72CE9946204C570B00436865 /* Card.swift in Sources */,
				7266AF0B204E150500112A1E /* TwoFaceUpCardsGameState.swift in Sources */,
				72E968E4204793B100D9CF28 /* AppDelegate.swift in Sources */,
			);
			runOnlyForDeploymentPostprocessing = 0;
		};
/* End PBXSourcesBuildPhase section */

/* Begin PBXVariantGroup section */
		72E968E7204793B100D9CF28 /* Main.storyboard */ = {
			isa = PBXVariantGroup;
			children = (
				72E968E8204793B100D9CF28 /* Base */,
			);
			name = Main.storyboard;
			sourceTree = "<group>";
		};
		72E968EC204793B100D9CF28 /* LaunchScreen.storyboard */ = {
			isa = PBXVariantGroup;
			children = (
				72E968ED204793B100D9CF28 /* Base */,
			);
			name = LaunchScreen.storyboard;
			sourceTree = "<group>";
		};
/* End PBXVariantGroup section */

/* Begin XCBuildConfiguration section */
		72E968F0204793B100D9CF28 /* Debug */ = {
			isa = XCBuildConfiguration;
			buildSettings = {
				ALWAYS_SEARCH_USER_PATHS = NO;
				CLANG_ANALYZER_NONNULL = YES;
				CLANG_ANALYZER_NUMBER_OBJECT_CONVERSION = YES_AGGRESSIVE;
				CLANG_CXX_LANGUAGE_STANDARD = "gnu++14";
				CLANG_CXX_LIBRARY = "libc++";
				CLANG_ENABLE_MODULES = YES;
				CLANG_ENABLE_OBJC_ARC = YES;
				CLANG_WARN_BLOCK_CAPTURE_AUTORELEASING = YES;
				CLANG_WARN_BOOL_CONVERSION = YES;
				CLANG_WARN_COMMA = YES;
				CLANG_WARN_CONSTANT_CONVERSION = YES;
				CLANG_WARN_DIRECT_OBJC_ISA_USAGE = YES_ERROR;
				CLANG_WARN_DOCUMENTATION_COMMENTS = YES;
				CLANG_WARN_EMPTY_BODY = YES;
				CLANG_WARN_ENUM_CONVERSION = YES;
				CLANG_WARN_INFINITE_RECURSION = YES;
				CLANG_WARN_INT_CONVERSION = YES;
				CLANG_WARN_NON_LITERAL_NULL_CONVERSION = YES;
				CLANG_WARN_OBJC_LITERAL_CONVERSION = YES;
				CLANG_WARN_OBJC_ROOT_CLASS = YES_ERROR;
				CLANG_WARN_RANGE_LOOP_ANALYSIS = YES;
				CLANG_WARN_STRICT_PROTOTYPES = YES;
				CLANG_WARN_SUSPICIOUS_MOVE = YES;
				CLANG_WARN_UNGUARDED_AVAILABILITY = YES_AGGRESSIVE;
				CLANG_WARN_UNREACHABLE_CODE = YES;
				CLANG_WARN__DUPLICATE_METHOD_MATCH = YES;
				CODE_SIGN_IDENTITY = "iPhone Developer";
				COPY_PHASE_STRIP = NO;
				DEBUG_INFORMATION_FORMAT = dwarf;
				ENABLE_STRICT_OBJC_MSGSEND = YES;
				ENABLE_TESTABILITY = YES;
				GCC_C_LANGUAGE_STANDARD = gnu11;
				GCC_DYNAMIC_NO_PIC = NO;
				GCC_NO_COMMON_BLOCKS = YES;
				GCC_OPTIMIZATION_LEVEL = 0;
				GCC_PREPROCESSOR_DEFINITIONS = (
					"DEBUG=1",
					"$(inherited)",
				);
				GCC_WARN_64_TO_32_BIT_CONVERSION = YES;
				GCC_WARN_ABOUT_RETURN_TYPE = YES_ERROR;
				GCC_WARN_UNDECLARED_SELECTOR = YES;
				GCC_WARN_UNINITIALIZED_AUTOS = YES_AGGRESSIVE;
				GCC_WARN_UNUSED_FUNCTION = YES;
				GCC_WARN_UNUSED_VARIABLE = YES;
				IPHONEOS_DEPLOYMENT_TARGET = 11.2;
				MTL_ENABLE_DEBUG_INFO = YES;
				ONLY_ACTIVE_ARCH = YES;
				SDKROOT = iphoneos;
				SWIFT_ACTIVE_COMPILATION_CONDITIONS = DEBUG;
				SWIFT_OPTIMIZATION_LEVEL = "-Onone";
			};
			name = Debug;
		};
		72E968F1204793B100D9CF28 /* Release */ = {
			isa = XCBuildConfiguration;
			buildSettings = {
				ALWAYS_SEARCH_USER_PATHS = NO;
				CLANG_ANALYZER_NONNULL = YES;
				CLANG_ANALYZER_NUMBER_OBJECT_CONVERSION = YES_AGGRESSIVE;
				CLANG_CXX_LANGUAGE_STANDARD = "gnu++14";
				CLANG_CXX_LIBRARY = "libc++";
				CLANG_ENABLE_MODULES = YES;
				CLANG_ENABLE_OBJC_ARC = YES;
				CLANG_WARN_BLOCK_CAPTURE_AUTORELEASING = YES;
				CLANG_WARN_BOOL_CONVERSION = YES;
				CLANG_WARN_COMMA = YES;
				CLANG_WARN_CONSTANT_CONVERSION = YES;
				CLANG_WARN_DIRECT_OBJC_ISA_USAGE = YES_ERROR;
				CLANG_WARN_DOCUMENTATION_COMMENTS = YES;
				CLANG_WARN_EMPTY_BODY = YES;
				CLANG_WARN_ENUM_CONVERSION = YES;
				CLANG_WARN_INFINITE_RECURSION = YES;
				CLANG_WARN_INT_CONVERSION = YES;
				CLANG_WARN_NON_LITERAL_NULL_CONVERSION = YES;
				CLANG_WARN_OBJC_LITERAL_CONVERSION = YES;
				CLANG_WARN_OBJC_ROOT_CLASS = YES_ERROR;
				CLANG_WARN_RANGE_LOOP_ANALYSIS = YES;
				CLANG_WARN_STRICT_PROTOTYPES = YES;
				CLANG_WARN_SUSPICIOUS_MOVE = YES;
				CLANG_WARN_UNGUARDED_AVAILABILITY = YES_AGGRESSIVE;
				CLANG_WARN_UNREACHABLE_CODE = YES;
				CLANG_WARN__DUPLICATE_METHOD_MATCH = YES;
				CODE_SIGN_IDENTITY = "iPhone Developer";
				COPY_PHASE_STRIP = NO;
				DEBUG_INFORMATION_FORMAT = "dwarf-with-dsym";
				ENABLE_NS_ASSERTIONS = NO;
				ENABLE_STRICT_OBJC_MSGSEND = YES;
				GCC_C_LANGUAGE_STANDARD = gnu11;
				GCC_NO_COMMON_BLOCKS = YES;
				GCC_WARN_64_TO_32_BIT_CONVERSION = YES;
				GCC_WARN_ABOUT_RETURN_TYPE = YES_ERROR;
				GCC_WARN_UNDECLARED_SELECTOR = YES;
				GCC_WARN_UNINITIALIZED_AUTOS = YES_AGGRESSIVE;
				GCC_WARN_UNUSED_FUNCTION = YES;
				GCC_WARN_UNUSED_VARIABLE = YES;
				IPHONEOS_DEPLOYMENT_TARGET = 11.2;
				MTL_ENABLE_DEBUG_INFO = NO;
				SDKROOT = iphoneos;
				SWIFT_OPTIMIZATION_LEVEL = "-Owholemodule";
				VALIDATE_PRODUCT = YES;
			};
			name = Release;
		};
		72E968F3204793B100D9CF28 /* Debug */ = {
			isa = XCBuildConfiguration;
			buildSettings = {
				ASSETCATALOG_COMPILER_APPICON_NAME = AppIcon;
				CODE_SIGN_STYLE = Automatic;
				DEVELOPMENT_TEAM = JHT7458H84;
				INFOPLIST_FILE = Concentration/Info.plist;
				LD_RUNPATH_SEARCH_PATHS = "$(inherited) @executable_path/Frameworks";
				PRODUCT_BUNDLE_IDENTIFIER = andreoli.nahuel.Concentration;
				PRODUCT_NAME = "$(TARGET_NAME)";
				SWIFT_VERSION = 4.0;
				TARGETED_DEVICE_FAMILY = "1,2";
			};
			name = Debug;
		};
		72E968F4204793B100D9CF28 /* Release */ = {
			isa = XCBuildConfiguration;
			buildSettings = {
				ASSETCATALOG_COMPILER_APPICON_NAME = AppIcon;
				CODE_SIGN_STYLE = Automatic;
				DEVELOPMENT_TEAM = JHT7458H84;
				INFOPLIST_FILE = Concentration/Info.plist;
				LD_RUNPATH_SEARCH_PATHS = "$(inherited) @executable_path/Frameworks";
				PRODUCT_BUNDLE_IDENTIFIER = andreoli.nahuel.Concentration;
				PRODUCT_NAME = "$(TARGET_NAME)";
				SWIFT_VERSION = 4.0;
				TARGETED_DEVICE_FAMILY = "1,2";
			};
			name = Release;
		};
/* End XCBuildConfiguration section */

/* Begin XCConfigurationList section */
		72E968DB204793B100D9CF28 /* Build configuration list for PBXProject "Concentration" */ = {
			isa = XCConfigurationList;
			buildConfigurations = (
				72E968F0204793B100D9CF28 /* Debug */,
				72E968F1204793B100D9CF28 /* Release */,
			);
			defaultConfigurationIsVisible = 0;
			defaultConfigurationName = Release;
		};
		72E968F2204793B100D9CF28 /* Build configuration list for PBXNativeTarget "Concentration" */ = {
			isa = XCConfigurationList;
			buildConfigurations = (
				72E968F3204793B100D9CF28 /* Debug */,
				72E968F4204793B100D9CF28 /* Release */,
			);
			defaultConfigurationIsVisible = 0;
			defaultConfigurationName = Release;
		};
/* End XCConfigurationList section */
	};
	rootObject = 72E968D8204793B100D9CF28 /* Project object */;
}
